PODS:
  - ASCIIfy (1.0.0):
    - KDTree
  - KDTree (1.0.5)

DEPENDENCIES:
  - ASCIIfy (from `../`)

SPEC REPOS:
  https://github.com/CocoaPods/Specs.git:
    - KDTree

EXTERNAL SOURCES:
  ASCIIfy:
    :path: "../"

SPEC CHECKSUMS:
  ASCIIfy: 9238a67f5e5e6a5f66266bb94744a1a1bc70e860
  KDTree: 264be272ac971da97d65be323c35dfffc39e7a4b

PODFILE CHECKSUM: 841d7cb846041cde227207d861b00eb2fe608466

COCOAPODS: 1.11.2
